
Microsoft Visual Studio Solution File, Format Version 12.00
# Visual Studio Version 16
VisualStudioVersion = 16.0.31321.278
MinimumVisualStudioVersion = 10.0.40219.1
Project("{FAE04EC0-301F-11D3-BF4B-00C04F79EFBC}") = "Minesweeper", "Minesweeper\Minesweeper.csproj", "{5241B944-F7D1-4B48-87E9-6081D2D78EE8}"
EndProject
Global
	GlobalSection(SolutionConfigurationPlatforms) = preSolution
		Debug|Any CPU = Debug|Any CPU
		Release|Any CPU = Release|Any CPU
	EndGlobalSection
	GlobalSection(ProjectConfigurationPlatforms) = postSolution
		{5241B944-F7D1-4B48-87E9-6081D2D78EE8}.Debug|Any CPU.ActiveCfg = Debug|Any CPU
		{5241B944-F7D1-4B48-87E9-6081D2D78EE8}.Debug|Any CPU.Build.0 = Debug|Any CPU
		{5241B944-F7D1-4B48-87E9-6081D2D78EE8}.Release|Any CPU.ActiveCfg = Release|Any CPU
		{5241B944-F7D1-4B48-87E9-6081D2D78EE8}.Release|Any CPU.Build.0 = Release|Any CPU
	EndGlobalSection
	GlobalSection(SolutionProperties) = preSolution
		HideSolutionNode = FALSE
	EndGlobalSection
	GlobalSection(ExtensibilityGlobals) = postSolution
		SolutionGuid = {7394F323-BD17-428D-B05F-8273713FA96C}
	EndGlobalSection
EndGlobal
